
Microsoft Visual Studio Solution File, Format Version 12.00
# Visual Studio 15
VisualStudioVersion = 15.0.28010.2003
MinimumVisualStudioVersion = 10.0.40219.1
Project("{FAE04EC0-301F-11D3-BF4B-00C04F79EFBC}") = "Grupp-8-Spel", "Grupp-8-Spel\Grupp-8-Spel.csproj", "{C8482039-AABB-49B7-86CE-3C08262DBCEE}"
EndProject
Global
	GlobalSection(SolutionConfigurationPlatforms) = preSolution
		Debug|Any CPU = Debug|Any CPU
		Release|Any CPU = Release|Any CPU
	EndGlobalSection
	GlobalSection(ProjectConfigurationPlatforms) = postSolution
		{C8482039-AABB-49B7-86CE-3C08262DBCEE}.Debug|Any CPU.ActiveCfg = Debug|Any CPU
		{C8482039-AABB-49B7-86CE-3C08262DBCEE}.Debug|Any CPU.Build.0 = Debug|Any CPU
		{C8482039-AABB-49B7-86CE-3C08262DBCEE}.Release|Any CPU.ActiveCfg = Release|Any CPU
		{C8482039-AABB-49B7-86CE-3C08262DBCEE}.Release|Any CPU.Build.0 = Release|Any CPU
	EndGlobalSection
	GlobalSection(SolutionProperties) = preSolution
		HideSolutionNode = FALSE
	EndGlobalSection
	GlobalSection(ExtensibilityGlobals) = postSolution
		SolutionGuid = {67259426-BE6B-4A3F-B5E5-CBF0D957D8B7}
	EndGlobalSection
EndGlobal
